// !$*UTF8*$!
{
	archiveVersion = 1;
	classes = {
	};
	objectVersion = 50;
	objects = {

/* Begin PBXBuildFile section */
		220F95D523FF310C009AAA03 /* AppDelegate.swift in Sources */ = {isa = PBXBuildFile; fileRef = 220F95D423FF310C009AAA03 /* AppDelegate.swift */; };
		220F95D723FF310D009AAA03 /* SceneDelegate.swift in Sources */ = {isa = PBXBuildFile; fileRef = 220F95D623FF310D009AAA03 /* SceneDelegate.swift */; };
		220F95DA23FF310D009AAA03 /* CalibratedCapture.xcdatamodeld in Sources */ = {isa = PBXBuildFile; fileRef = 220F95D823FF310D009AAA03 /* CalibratedCapture.xcdatamodeld */; };
		220F95DC23FF310D009AAA03 /* ContentView.swift in Sources */ = {isa = PBXBuildFile; fileRef = 220F95DB23FF310D009AAA03 /* ContentView.swift */; };
		220F95DE23FF3110009AAA03 /* Assets.xcassets in Resources */ = {isa = PBXBuildFile; fileRef = 220F95DD23FF3110009AAA03 /* Assets.xcassets */; };
		220F95E123FF3110009AAA03 /* Preview Assets.xcassets in Resources */ = {isa = PBXBuildFile; fileRef = 220F95E023FF3110009AAA03 /* Preview Assets.xcassets */; };
		220F95E423FF3110009AAA03 /* LaunchScreen.storyboard in Resources */ = {isa = PBXBuildFile; fileRef = 220F95E223FF3110009AAA03 /* LaunchScreen.storyboard */; };
		220F95EF23FF3111009AAA03 /* CalibratedCaptureTests.swift in Sources */ = {isa = PBXBuildFile; fileRef = 220F95EE23FF3111009AAA03 /* CalibratedCaptureTests.swift */; };
		220F95FA23FF3111009AAA03 /* CalibratedCaptureUITests.swift in Sources */ = {isa = PBXBuildFile; fileRef = 220F95F923FF3111009AAA03 /* CalibratedCaptureUITests.swift */; };
/* End PBXBuildFile section */

/* Begin PBXContainerItemProxy section */
		220F95EB23FF3111009AAA03 /* PBXContainerItemProxy */ = {
			isa = PBXContainerItemProxy;
			containerPortal = 220F95C923FF310C009AAA03 /* Project object */;
			proxyType = 1;
			remoteGlobalIDString = 220F95D023FF310C009AAA03;
			remoteInfo = CalibratedCapture;
		};
		220F95F623FF3111009AAA03 /* PBXContainerItemProxy */ = {
			isa = PBXContainerItemProxy;
			containerPortal = 220F95C923FF310C009AAA03 /* Project object */;
			proxyType = 1;
			remoteGlobalIDString = 220F95D023FF310C009AAA03;
			remoteInfo = CalibratedCapture;
		};
/* End PBXContainerItemProxy section */

/* Begin PBXFileReference section */
		220F95D123FF310C009AAA03 /* CalibratedCapture.app */ = {isa = PBXFileReference; explicitFileType = wrapper.application; includeInIndex = 0; path = CalibratedCapture.app; sourceTree = BUILT_PRODUCTS_DIR; };
		220F95D423FF310C009AAA03 /* AppDelegate.swift */ = {isa = PBXFileReference; lastKnownFileType = sourcecode.swift; path = AppDelegate.swift; sourceTree = "<group>"; };
		220F95D623FF310D009AAA03 /* SceneDelegate.swift */ = {isa = PBXFileReference; lastKnownFileType = sourcecode.swift; path = SceneDelegate.swift; sourceTree = "<group>"; };
		220F95D923FF310D009AAA03 /* CalibratedCapture.xcdatamodel */ = {isa = PBXFileReference; lastKnownFileType = wrapper.xcdatamodel; path = CalibratedCapture.xcdatamodel; sourceTree = "<group>"; };
		220F95DB23FF310D009AAA03 /* ContentView.swift */ = {isa = PBXFileReference; lastKnownFileType = sourcecode.swift; path = ContentView.swift; sourceTree = "<group>"; };
		220F95DD23FF3110009AAA03 /* Assets.xcassets */ = {isa = PBXFileReference; lastKnownFileType = folder.assetcatalog; path = Assets.xcassets; sourceTree = "<group>"; };
		220F95E023FF3110009AAA03 /* Preview Assets.xcassets */ = {isa = PBXFileReference; lastKnownFileType = folder.assetcatalog; path = "Preview Assets.xcassets"; sourceTree = "<group>"; };
		220F95E323FF3110009AAA03 /* Base */ = {isa = PBXFileReference; lastKnownFileType = file.storyboard; name = Base; path = Base.lproj/LaunchScreen.storyboard; sourceTree = "<group>"; };
		220F95E523FF3110009AAA03 /* Info.plist */ = {isa = PBXFileReference; lastKnownFileType = text.plist.xml; path = Info.plist; sourceTree = "<group>"; };
		220F95EA23FF3111009AAA03 /* CalibratedCaptureTests.xctest */ = {isa = PBXFileReference; explicitFileType = wrapper.cfbundle; includeInIndex = 0; path = CalibratedCaptureTests.xctest; sourceTree = BUILT_PRODUCTS_DIR; };
		220F95EE23FF3111009AAA03 /* CalibratedCaptureTests.swift */ = {isa = PBXFileReference; lastKnownFileType = sourcecode.swift; path = CalibratedCaptureTests.swift; sourceTree = "<group>"; };
		220F95F023FF3111009AAA03 /* Info.plist */ = {isa = PBXFileReference; lastKnownFileType = text.plist.xml; path = Info.plist; sourceTree = "<group>"; };
		220F95F523FF3111009AAA03 /* CalibratedCaptureUITests.xctest */ = {isa = PBXFileReference; explicitFileType = wrapper.cfbundle; includeInIndex = 0; path = CalibratedCaptureUITests.xctest; sourceTree = BUILT_PRODUCTS_DIR; };
		220F95F923FF3111009AAA03 /* CalibratedCaptureUITests.swift */ = {isa = PBXFileReference; lastKnownFileType = sourcecode.swift; path = CalibratedCaptureUITests.swift; sourceTree = "<group>"; };
		220F95FB23FF3111009AAA03 /* Info.plist */ = {isa = PBXFileReference; lastKnownFileType = text.plist.xml; path = Info.plist; sourceTree = "<group>"; };
/* End PBXFileReference section */

/* Begin PBXFrameworksBuildPhase section */
		220F95CE23FF310C009AAA03 /* Frameworks */ = {
			isa = PBXFrameworksBuildPhase;
			buildActionMask = 2147483647;
			files = (
			);
			runOnlyForDeploymentPostprocessing = 0;
		};
		220F95E723FF3111009AAA03 /* Frameworks */ = {
			isa = PBXFrameworksBuildPhase;
			buildActionMask = 2147483647;
			files = (
			);
			runOnlyForDeploymentPostprocessing = 0;
		};
		220F95F223FF3111009AAA03 /* Frameworks */ = {
			isa = PBXFrameworksBuildPhase;
			buildActionMask = 2147483647;
			files = (
			);
			runOnlyForDeploymentPostprocessing = 0;
		};
/* End PBXFrameworksBuildPhase section */

/* Begin PBXGroup section */
		220F95C823FF310C009AAA03 = {
			isa = PBXGroup;
			children = (
				220F95D323FF310C009AAA03 /* CalibratedCapture */,
				220F95ED23FF3111009AAA03 /* CalibratedCaptureTests */,
				220F95F823FF3111009AAA03 /* CalibratedCaptureUITests */,
				220F95D223FF310C009AAA03 /* Products */,
			);
			sourceTree = "<group>";
		};
		220F95D223FF310C009AAA03 /* Products */ = {
			isa = PBXGroup;
			children = (
				220F95D123FF310C009AAA03 /* CalibratedCapture.app */,
				220F95EA23FF3111009AAA03 /* CalibratedCaptureTests.xctest */,
				220F95F523FF3111009AAA03 /* CalibratedCaptureUITests.xctest */,
			);
			name = Products;
			sourceTree = "<group>";
		};
		220F95D323FF310C009AAA03 /* CalibratedCapture */ = {
			isa = PBXGroup;
			children = (
				220F95D423FF310C009AAA03 /* AppDelegate.swift */,
				220F95D623FF310D009AAA03 /* SceneDelegate.swift */,
				220F95DB23FF310D009AAA03 /* ContentView.swift */,
				220F95DD23FF3110009AAA03 /* Assets.xcassets */,
				220F95E223FF3110009AAA03 /* LaunchScreen.storyboard */,
				220F95E523FF3110009AAA03 /* Info.plist */,
				220F95D823FF310D009AAA03 /* CalibratedCapture.xcdatamodeld */,
				220F95DF23FF3110009AAA03 /* Preview Content */,
			);
			path = CalibratedCapture;
			sourceTree = "<group>";
		};
		220F95DF23FF3110009AAA03 /* Preview Content */ = {
			isa = PBXGroup;
			children = (
				220F95E023FF3110009AAA03 /* Preview Assets.xcassets */,
			);
			path = "Preview Content";
			sourceTree = "<group>";
		};
		220F95ED23FF3111009AAA03 /* CalibratedCaptureTests */ = {
			isa = PBXGroup;
			children = (
				220F95EE23FF3111009AAA03 /* CalibratedCaptureTests.swift */,
				220F95F023FF3111009AAA03 /* Info.plist */,
			);
			path = CalibratedCaptureTests;
			sourceTree = "<group>";
		};
		220F95F823FF3111009AAA03 /* CalibratedCaptureUITests */ = {
			isa = PBXGroup;
			children = (
				220F95F923FF3111009AAA03 /* CalibratedCaptureUITests.swift */,
				220F95FB23FF3111009AAA03 /* Info.plist */,
			);
			path = CalibratedCaptureUITests;
			sourceTree = "<group>";
		};
/* End PBXGroup section */

/* Begin PBXNativeTarget section */
		220F95D023FF310C009AAA03 /* CalibratedCapture */ = {
			isa = PBXNativeTarget;
			buildConfigurationList = 220F95FE23FF3111009AAA03 /* Build configuration list for PBXNativeTarget "CalibratedCapture" */;
			buildPhases = (
				220F95CD23FF310C009AAA03 /* Sources */,
				220F95CE23FF310C009AAA03 /* Frameworks */,
				220F95CF23FF310C009AAA03 /* Resources */,
			);
			buildRules = (
			);
			dependencies = (
			);
			name = CalibratedCapture;
			productName = CalibratedCapture;
			productReference = 220F95D123FF310C009AAA03 /* CalibratedCapture.app */;
			productType = "com.apple.product-type.application";
		};
		220F95E923FF3111009AAA03 /* CalibratedCaptureTests */ = {
			isa = PBXNativeTarget;
			buildConfigurationList = 220F960123FF3111009AAA03 /* Build configuration list for PBXNativeTarget "CalibratedCaptureTests" */;
			buildPhases = (
				220F95E623FF3111009AAA03 /* Sources */,
				220F95E723FF3111009AAA03 /* Frameworks */,
				220F95E823FF3111009AAA03 /* Resources */,
			);
			buildRules = (
			);
			dependencies = (
				220F95EC23FF3111009AAA03 /* PBXTargetDependency */,
			);
			name = CalibratedCaptureTests;
			productName = CalibratedCaptureTests;
			productReference = 220F95EA23FF3111009AAA03 /* CalibratedCaptureTests.xctest */;
			productType = "com.apple.product-type.bundle.unit-test";
		};
		220F95F423FF3111009AAA03 /* CalibratedCaptureUITests */ = {
			isa = PBXNativeTarget;
			buildConfigurationList = 220F960423FF3111009AAA03 /* Build configuration list for PBXNativeTarget "CalibratedCaptureUITests" */;
			buildPhases = (
				220F95F123FF3111009AAA03 /* Sources */,
				220F95F223FF3111009AAA03 /* Frameworks */,
				220F95F323FF3111009AAA03 /* Resources */,
			);
			buildRules = (
			);
			dependencies = (
				220F95F723FF3111009AAA03 /* PBXTargetDependency */,
			);
			name = CalibratedCaptureUITests;
			productName = CalibratedCaptureUITests;
			productReference = 220F95F523FF3111009AAA03 /* CalibratedCaptureUITests.xctest */;
			productType = "com.apple.product-type.bundle.ui-testing";
		};
/* End PBXNativeTarget section */

/* Begin PBXProject section */
		220F95C923FF310C009AAA03 /* Project object */ = {
			isa = PBXProject;
			attributes = {
				LastSwiftUpdateCheck = 1130;
				LastUpgradeCheck = 1130;
				ORGANIZATIONNAME = "Randall Smith";
				TargetAttributes = {
					220F95D023FF310C009AAA03 = {
						CreatedOnToolsVersion = 11.3.1;
					};
					220F95E923FF3111009AAA03 = {
						CreatedOnToolsVersion = 11.3.1;
						TestTargetID = 220F95D023FF310C009AAA03;
					};
					220F95F423FF3111009AAA03 = {
						CreatedOnToolsVersion = 11.3.1;
						TestTargetID = 220F95D023FF310C009AAA03;
					};
				};
			};
			buildConfigurationList = 220F95CC23FF310C009AAA03 /* Build configuration list for PBXProject "CalibratedCapture" */;
			compatibilityVersion = "Xcode 9.3";
			developmentRegion = en;
			hasScannedForEncodings = 0;
			knownRegions = (
				en,
				Base,
			);
			mainGroup = 220F95C823FF310C009AAA03;
			productRefGroup = 220F95D223FF310C009AAA03 /* Products */;
			projectDirPath = "";
			projectRoot = "";
			targets = (
				220F95D023FF310C009AAA03 /* CalibratedCapture */,
				220F95E923FF3111009AAA03 /* CalibratedCaptureTests */,
				220F95F423FF3111009AAA03 /* CalibratedCaptureUITests */,
			);
		};
/* End PBXProject section */

/* Begin PBXResourcesBuildPhase section */
		220F95CF23FF310C009AAA03 /* Resources */ = {
			isa = PBXResourcesBuildPhase;
			buildActionMask = 2147483647;
			files = (
				220F95E423FF3110009AAA03 /* LaunchScreen.storyboard in Resources */,
				220F95E123FF3110009AAA03 /* Preview Assets.xcassets in Resources */,
				220F95DE23FF3110009AAA03 /* Assets.xcassets in Resources */,
			);
			runOnlyForDeploymentPostprocessing = 0;
		};
		220F95E823FF3111009AAA03 /* Resources */ = {
			isa = PBXResourcesBuildPhase;
			buildActionMask = 2147483647;
			files = (
			);
			runOnlyForDeploymentPostprocessing = 0;
		};
		220F95F323FF3111009AAA03 /* Resources */ = {
			isa = PBXResourcesBuildPhase;
			buildActionMask = 2147483647;
			files = (
			);
			runOnlyForDeploymentPostprocessing = 0;
		};
/* End PBXResourcesBuildPhase section */

/* Begin PBXSourcesBuildPhase section */
		220F95CD23FF310C009AAA03 /* Sources */ = {
			isa = PBXSourcesBuildPhase;
			buildActionMask = 2147483647;
			files = (
				220F95DA23FF310D009AAA03 /* CalibratedCapture.xcdatamodeld in Sources */,
				220F95D523FF310C009AAA03 /* AppDelegate.swift in Sources */,
				220F95DC23FF310D009AAA03 /* ContentView.swift in Sources */,
				220F95D723FF310D009AAA03 /* SceneDelegate.swift in Sources */,
			);
			runOnlyForDeploymentPostprocessing = 0;
		};
		220F95E623FF3111009AAA03 /* Sources */ = {
			isa = PBXSourcesBuildPhase;
			buildActionMask = 2147483647;
			files = (
				220F95EF23FF3111009AAA03 /* CalibratedCaptureTests.swift in Sources */,
			);
			runOnlyForDeploymentPostprocessing = 0;
		};
		220F95F123FF3111009AAA03 /* Sources */ = {
			isa = PBXSourcesBuildPhase;
			buildActionMask = 2147483647;
			files = (
				220F95FA23FF3111009AAA03 /* CalibratedCaptureUITests.swift in Sources */,
			);
			runOnlyForDeploymentPostprocessing = 0;
		};
/* End PBXSourcesBuildPhase section */

/* Begin PBXTargetDependency section */
		220F95EC23FF3111009AAA03 /* PBXTargetDependency */ = {
			isa = PBXTargetDependency;
			target = 220F95D023FF310C009AAA03 /* CalibratedCapture */;
			targetProxy = 220F95EB23FF3111009AAA03 /* PBXContainerItemProxy */;
		};
		220F95F723FF3111009AAA03 /* PBXTargetDependency */ = {
			isa = PBXTargetDependency;
			target = 220F95D023FF310C009AAA03 /* CalibratedCapture */;
			targetProxy = 220F95F623FF3111009AAA03 /* PBXContainerItemProxy */;
		};
/* End PBXTargetDependency section */

/* Begin PBXVariantGroup section */
		220F95E223FF3110009AAA03 /* LaunchScreen.storyboard */ = {
			isa = PBXVariantGroup;
			children = (
				220F95E323FF3110009AAA03 /* Base */,
			);
			name = LaunchScreen.storyboard;
			sourceTree = "<group>";
		};
/* End PBXVariantGroup section */

/* Begin XCBuildConfiguration section */
		220F95FC23FF3111009AAA03 /* Debug */ = {
			isa = XCBuildConfiguration;
			buildSettings = {
				ALWAYS_SEARCH_USER_PATHS = NO;
				CLANG_ANALYZER_NONNULL = YES;
				CLANG_ANALYZER_NUMBER_OBJECT_CONVERSION = YES_AGGRESSIVE;
				CLANG_CXX_LANGUAGE_STANDARD = "gnu++14";
				CLANG_CXX_LIBRARY = "libc++";
				CLANG_ENABLE_MODULES = YES;
				CLANG_ENABLE_OBJC_ARC = YES;
				CLANG_ENABLE_OBJC_WEAK = YES;
				CLANG_WARN_BLOCK_CAPTURE_AUTORELEASING = YES;
				CLANG_WARN_BOOL_CONVERSION = YES;
				CLANG_WARN_COMMA = YES;
				CLANG_WARN_CONSTANT_CONVERSION = YES;
				CLANG_WARN_DEPRECATED_OBJC_IMPLEMENTATIONS = YES;
				CLANG_WARN_DIRECT_OBJC_ISA_USAGE = YES_ERROR;
				CLANG_WARN_DOCUMENTATION_COMMENTS = YES;
				CLANG_WARN_EMPTY_BODY = YES;
				CLANG_WARN_ENUM_CONVERSION = YES;
				CLANG_WARN_INFINITE_RECURSION = YES;
				CLANG_WARN_INT_CONVERSION = YES;
				CLANG_WARN_NON_LITERAL_NULL_CONVERSION = YES;
				CLANG_WARN_OBJC_IMPLICIT_RETAIN_SELF = YES;
				CLANG_WARN_OBJC_LITERAL_CONVERSION = YES;
				CLANG_WARN_OBJC_ROOT_CLASS = YES_ERROR;
				CLANG_WARN_RANGE_LOOP_ANALYSIS = YES;
				CLANG_WARN_STRICT_PROTOTYPES = YES;
				CLANG_WARN_SUSPICIOUS_MOVE = YES;
				CLANG_WARN_UNGUARDED_AVAILABILITY = YES_AGGRESSIVE;
				CLANG_WARN_UNREACHABLE_CODE = YES;
				CLANG_WARN__DUPLICATE_METHOD_MATCH = YES;
				COPY_PHASE_STRIP = NO;
				DEBUG_INFORMATION_FORMAT = dwarf;
				ENABLE_STRICT_OBJC_MSGSEND = YES;
				ENABLE_TESTABILITY = YES;
				GCC_C_LANGUAGE_STANDARD = gnu11;
				GCC_DYNAMIC_NO_PIC = NO;
				GCC_NO_COMMON_BLOCKS = YES;
				GCC_OPTIMIZATION_LEVEL = 0;
				GCC_PREPROCESSOR_DEFINITIONS = (
					"DEBUG=1",
					"$(inherited)",
				);
				GCC_WARN_64_TO_32_BIT_CONVERSION = YES;
				GCC_WARN_ABOUT_RETURN_TYPE = YES_ERROR;
				GCC_WARN_UNDECLARED_SELECTOR = YES;
				GCC_WARN_UNINITIALIZED_AUTOS = YES_AGGRESSIVE;
				GCC_WARN_UNUSED_FUNCTION = YES;
				GCC_WARN_UNUSED_VARIABLE = YES;
				IPHONEOS_DEPLOYMENT_TARGET = 13.2;
				MTL_ENABLE_DEBUG_INFO = INCLUDE_SOURCE;
				MTL_FAST_MATH = YES;
				ONLY_ACTIVE_ARCH = YES;
				SDKROOT = iphoneos;
				SWIFT_ACTIVE_COMPILATION_CONDITIONS = DEBUG;
				SWIFT_OPTIMIZATION_LEVEL = "-Onone";
			};
			name = Debug;
		};
		220F95FD23FF3111009AAA03 /* Release */ = {
			isa = XCBuildConfiguration;
			buildSettings = {
				ALWAYS_SEARCH_USER_PATHS = NO;
				CLANG_ANALYZER_NONNULL = YES;
				CLANG_ANALYZER_NUMBER_OBJECT_CONVERSION = YES_AGGRESSIVE;
				CLANG_CXX_LANGUAGE_STANDARD = "gnu++14";
				CLANG_CXX_LIBRARY = "libc++";
				CLANG_ENABLE_MODULES = YES;
				CLANG_ENABLE_OBJC_ARC = YES;
				CLANG_ENABLE_OBJC_WEAK = YES;
				CLANG_WARN_BLOCK_CAPTURE_AUTORELEASING = YES;
				CLANG_WARN_BOOL_CONVERSION = YES;
				CLANG_WARN_COMMA = YES;
				CLANG_WARN_CONSTANT_CONVERSION = YES;
				CLANG_WARN_DEPRECATED_OBJC_IMPLEMENTATIONS = YES;
				CLANG_WARN_DIRECT_OBJC_ISA_USAGE = YES_ERROR;
				CLANG_WARN_DOCUMENTATION_COMMENTS = YES;
				CLANG_WARN_EMPTY_BODY = YES;
				CLANG_WARN_ENUM_CONVERSION = YES;
				CLANG_WARN_INFINITE_RECURSION = YES;
				CLANG_WARN_INT_CONVERSION = YES;
				CLANG_WARN_NON_LITERAL_NULL_CONVERSION = YES;
				CLANG_WARN_OBJC_IMPLICIT_RETAIN_SELF = YES;
				CLANG_WARN_OBJC_LITERAL_CONVERSION = YES;
				CLANG_WARN_OBJC_ROOT_CLASS = YES_ERROR;
				CLANG_WARN_RANGE_LOOP_ANALYSIS = YES;
				CLANG_WARN_STRICT_PROTOTYPES = YES;
				CLANG_WARN_SUSPICIOUS_MOVE = YES;
				CLANG_WARN_UNGUARDED_AVAILABILITY = YES_AGGRESSIVE;
				CLANG_WARN_UNREACHABLE_CODE = YES;
				CLANG_WARN__DUPLICATE_METHOD_MATCH = YES;
				COPY_PHASE_STRIP = NO;
				DEBUG_INFORMATION_FORMAT = "dwarf-with-dsym";
				ENABLE_NS_ASSERTIONS = NO;
				ENABLE_STRICT_OBJC_MSGSEND = YES;
				GCC_C_LANGUAGE_STANDARD = gnu11;
				GCC_NO_COMMON_BLOCKS = YES;
				GCC_WARN_64_TO_32_BIT_CONVERSION = YES;
				GCC_WARN_ABOUT_RETURN_TYPE = YES_ERROR;
				GCC_WARN_UNDECLARED_SELECTOR = YES;
				GCC_WARN_UNINITIALIZED_AUTOS = YES_AGGRESSIVE;
				GCC_WARN_UNUSED_FUNCTION = YES;
				GCC_WARN_UNUSED_VARIABLE = YES;
				IPHONEOS_DEPLOYMENT_TARGET = 13.2;
				MTL_ENABLE_DEBUG_INFO = NO;
				MTL_FAST_MATH = YES;
				SDKROOT = iphoneos;
				SWIFT_COMPILATION_MODE = wholemodule;
				SWIFT_OPTIMIZATION_LEVEL = "-O";
				VALIDATE_PRODUCT = YES;
			};
			name = Release;
		};
		220F95FF23FF3111009AAA03 /* Debug */ = {
			isa = XCBuildConfiguration;
			buildSettings = {
				ASSETCATALOG_COMPILER_APPICON_NAME = AppIcon;
				CODE_SIGN_STYLE = Automatic;
				DEVELOPMENT_ASSET_PATHS = "\"CalibratedCapture/Preview Content\"";
				ENABLE_PREVIEWS = YES;
				INFOPLIST_FILE = CalibratedCapture/Info.plist;
				LD_RUNPATH_SEARCH_PATHS = (
					"$(inherited)",
					"@executable_path/Frameworks",
				);
				PRODUCT_BUNDLE_IDENTIFIER = rsmith0x0.CalibratedCapture;
				PRODUCT_NAME = "$(TARGET_NAME)";
				SWIFT_VERSION = 5.0;
				TARGETED_DEVICE_FAMILY = "1,2";
			};
			name = Debug;
		};
		220F960023FF3111009AAA03 /* Release */ = {
			isa = XCBuildConfiguration;
			buildSettings = {
				ASSETCATALOG_COMPILER_APPICON_NAME = AppIcon;
				CODE_SIGN_STYLE = Automatic;
				DEVELOPMENT_ASSET_PATHS = "\"CalibratedCapture/Preview Content\"";
				ENABLE_PREVIEWS = YES;
				INFOPLIST_FILE = CalibratedCapture/Info.plist;
				LD_RUNPATH_SEARCH_PATHS = (
					"$(inherited)",
					"@executable_path/Frameworks",
				);
				PRODUCT_BUNDLE_IDENTIFIER = rsmith0x0.CalibratedCapture;
				PRODUCT_NAME = "$(TARGET_NAME)";
				SWIFT_VERSION = 5.0;
				TARGETED_DEVICE_FAMILY = "1,2";
			};
			name = Release;
		};
		220F960223FF3111009AAA03 /* Debug */ = {
			isa = XCBuildConfiguration;
			buildSettings = {
				ALWAYS_EMBED_SWIFT_STANDARD_LIBRARIES = YES;
				BUNDLE_LOADER = "$(TEST_HOST)";
				CODE_SIGN_STYLE = Automatic;
				INFOPLIST_FILE = CalibratedCaptureTests/Info.plist;
				IPHONEOS_DEPLOYMENT_TARGET = 13.2;
				LD_RUNPATH_SEARCH_PATHS = (
					"$(inherited)",
					"@executable_path/Frameworks",
					"@loader_path/Frameworks",
				);
				PRODUCT_BUNDLE_IDENTIFIER = rsmith0x0.CalibratedCaptureTests;
				PRODUCT_NAME = "$(TARGET_NAME)";
				SWIFT_VERSION = 5.0;
				TARGETED_DEVICE_FAMILY = "1,2";
				TEST_HOST = "$(BUILT_PRODUCTS_DIR)/CalibratedCapture.app/CalibratedCapture";
			};
			name = Debug;
		};
		220F960323FF3111009AAA03 /* Release */ = {
			isa = XCBuildConfiguration;
			buildSettings = {
				ALWAYS_EMBED_SWIFT_STANDARD_LIBRARIES = YES;
				BUNDLE_LOADER = "$(TEST_HOST)";
				CODE_SIGN_STYLE = Automatic;
				INFOPLIST_FILE = CalibratedCaptureTests/Info.plist;
				IPHONEOS_DEPLOYMENT_TARGET = 13.2;
				LD_RUNPATH_SEARCH_PATHS = (
					"$(inherited)",
					"@executable_path/Frameworks",
					"@loader_path/Frameworks",
				);
				PRODUCT_BUNDLE_IDENTIFIER = rsmith0x0.CalibratedCaptureTests;
				PRODUCT_NAME = "$(TARGET_NAME)";
				SWIFT_VERSION = 5.0;
				TARGETED_DEVICE_FAMILY = "1,2";
				TEST_HOST = "$(BUILT_PRODUCTS_DIR)/CalibratedCapture.app/CalibratedCapture";
			};
			name = Release;
		};
		220F960523FF3111009AAA03 /* Debug */ = {
			isa = XCBuildConfiguration;
			buildSettings = {
				ALWAYS_EMBED_SWIFT_STANDARD_LIBRARIES = YES;
				CODE_SIGN_STYLE = Automatic;
				INFOPLIST_FILE = CalibratedCaptureUITests/Info.plist;
				LD_RUNPATH_SEARCH_PATHS = (
					"$(inherited)",
					"@executable_path/Frameworks",
					"@loader_path/Frameworks",
				);
				PRODUCT_BUNDLE_IDENTIFIER = rsmith0x0.CalibratedCaptureUITests;
				PRODUCT_NAME = "$(TARGET_NAME)";
				SWIFT_VERSION = 5.0;
				TARGETED_DEVICE_FAMILY = "1,2";
				TEST_TARGET_NAME = CalibratedCapture;
			};
			name = Debug;
		};
		220F960623FF3111009AAA03 /* Release */ = {
			isa = XCBuildConfiguration;
			buildSettings = {
				ALWAYS_EMBED_SWIFT_STANDARD_LIBRARIES = YES;
				CODE_SIGN_STYLE = Automatic;
				INFOPLIST_FILE = CalibratedCaptureUITests/Info.plist;
				LD_RUNPATH_SEARCH_PATHS = (
					"$(inherited)",
					"@executable_path/Frameworks",
					"@loader_path/Frameworks",
				);
				PRODUCT_BUNDLE_IDENTIFIER = rsmith0x0.CalibratedCaptureUITests;
				PRODUCT_NAME = "$(TARGET_NAME)";
				SWIFT_VERSION = 5.0;
				TARGETED_DEVICE_FAMILY = "1,2";
				TEST_TARGET_NAME = CalibratedCapture;
			};
			name = Release;
		};
/* End XCBuildConfiguration section */

/* Begin XCConfigurationList section */
		220F95CC23FF310C009AAA03 /* Build configuration list for PBXProject "CalibratedCapture" */ = {
			isa = XCConfigurationList;
			buildConfigurations = (
				220F95FC23FF3111009AAA03 /* Debug */,
				220F95FD23FF3111009AAA03 /* Release */,
			);
			defaultConfigurationIsVisible = 0;
			defaultConfigurationName = Release;
		};
		220F95FE23FF3111009AAA03 /* Build configuration list for PBXNativeTarget "CalibratedCapture" */ = {
			isa = XCConfigurationList;
			buildConfigurations = (
				220F95FF23FF3111009AAA03 /* Debug */,
				220F960023FF3111009AAA03 /* Release */,
			);
			defaultConfigurationIsVisible = 0;
			defaultConfigurationName = Release;
		};
		220F960123FF3111009AAA03 /* Build configuration list for PBXNativeTarget "CalibratedCaptureTests" */ = {
			isa = XCConfigurationList;
			buildConfigurations = (
				220F960223FF3111009AAA03 /* Debug */,
				220F960323FF3111009AAA03 /* Release */,
			);
			defaultConfigurationIsVisible = 0;
			defaultConfigurationName = Release;
		};
		220F960423FF3111009AAA03 /* Build configuration list for PBXNativeTarget "CalibratedCaptureUITests" */ = {
			isa = XCConfigurationList;
			buildConfigurations = (
				220F960523FF3111009AAA03 /* Debug */,
				220F960623FF3111009AAA03 /* Release */,
			);
			defaultConfigurationIsVisible = 0;
			defaultConfigurationName = Release;
		};
/* End XCConfigurationList section */

/* Begin XCVersionGroup section */
		220F95D823FF310D009AAA03 /* CalibratedCapture.xcdatamodeld */ = {
			isa = XCVersionGroup;
			children = (
				220F95D923FF310D009AAA03 /* CalibratedCapture.xcdatamodel */,
			);
			currentVersion = 220F95D923FF310D009AAA03 /* CalibratedCapture.xcdatamodel */;
			path = CalibratedCapture.xcdatamodeld;
			sourceTree = "<group>";
			versionGroupType = wrapper.xcdatamodel;
		};
/* End XCVersionGroup section */
	};
	rootObject = 220F95C923FF310C009AAA03 /* Project object */;
}
